github.com/cryptix/wav v0.0.0-20180415113528-8bdace674401 h1:rZ+OHHkwlkYALTEd6AYXSL92K/SEc4fkz+TfweIwu6A=
github.com/cryptix/wav v0.0.0-20180415113528-8bdace674401/go.mod h1:knK8fd+KPlGGqSUWogv1DQzGTwnfUvAi0cIoWyOG7+U=
github.com/google/uuid v1.1.1 h1:Gkbcsh/GbpXz7lPftLA3P6TYMwjCLYm83jiFQZF/3gY=
github.com/google/uuid v1.1.1/go.mod h1:TIyPZe4MgqvfeYDBFedMoGGpEw/LqOeaOT+nhxU+yHo=
github.com/gorilla/mux v1.7.4 h1:VuZ8uybHlWmqV03+zRzdwKL4tUnIp1MAQtp1mIFE1bc=
github.com/gorilla/mux v1.7.4/go.mod h1:DVbg23sWSpFRCP0SfiEN6jmj59UnW/n46BH5rLB71So=
github.com/gorilla/websocket v1.4.2 h1:+/TMaTYc4QFitKJxsQ7Yye35DkWvkdLcvGKqM+x0Ufc=
github.com/gorilla/websocket v1.4.2/go.mod h1:YR8l580nyteQvAITg2hZ9XVh4b55+EU/adAjf1fMHhE=
github.com/stts-se/tillstudpub v0.0.0 h1:I73ZHJOQpDuT2cQ5IS2NyK/0frLTZGEDvMAaYMWD/KE=
